
Microsoft Visual Studio Solution File, Format Version 12.00
# Visual Studio 14
VisualStudioVersion = 14.0.25123.0
MinimumVisualStudioVersion = 10.0.40219.1
Project("{FAE04EC0-301F-11D3-BF4B-00C04F79EFBC}") = "WowwoW", "WowwoW.csproj", "{97DE59C8-1DA9-43B7-A07F-F9FDB8678258}"
EndProject
Project("{2150E333-8FDC-42A3-9474-1A3956D46DE8}") = "Scripts", "Scripts", "{8E7B6D03-4EC4-47EB-ADBA-66DD9058D239}"
EndProject
Project("{FAE04EC0-301F-11D3-BF4B-00C04F79EFBC}") = "Items", "..\Scripts\Items\Items.csproj", "{D359AA6A-CB6B-418F-819E-F43A2E938089}"
EndProject
Project("{FAE04EC0-301F-11D3-BF4B-00C04F79EFBC}") = "Character", "Scripts\Character\Character.csproj", "{10A85C52-A868-47FE-8654-8F460533085F}"
EndProject
Project("{FAE04EC0-301F-11D3-BF4B-00C04F79EFBC}") = "Commands", "Scripts\Commands\Commands.csproj", "{5639D4BF-60FD-4A3E-B065-27296E36F752}"
EndProject
Project("{FAE04EC0-301F-11D3-BF4B-00C04F79EFBC}") = "Engines", "Scripts\Engines\Engines.csproj", "{55909C57-9EF4-4CEC-BCE5-6A6C7EDC3BF4}"
EndProject
Project("{FAE04EC0-301F-11D3-BF4B-00C04F79EFBC}") = "Game Objects", "Scripts\Game Objects\Game Objects.csproj", "{47931181-3392-4787-9A03-FCE3978F22F9}"
EndProject
Project("{FAE04EC0-301F-11D3-BF4B-00C04F79EFBC}") = "Globals", "Scripts\Globals\Globals.csproj", "{CA673047-D753-44CF-8091-69372933753E}"
EndProject
Project("{FAE04EC0-301F-11D3-BF4B-00C04F79EFBC}") = "Quests", "Scripts\Quests\Quests.csproj", "{610C5DF5-FB85-4753-84F0-EC91FFF3A32F}"
EndProject
Project("{FAE04EC0-301F-11D3-BF4B-00C04F79EFBC}") = "Spells", "Spells\Spells\Spells.csproj", "{41130CA0-EF53-43E5-B709-B8217FD44588}"
EndProject
Project("{FAE04EC0-301F-11D3-BF4B-00C04F79EFBC}") = "TreasureTables", "Scripts\TreasureTables\TreasureTables.csproj", "{B0CCC71B-7CCA-4BFD-BF8D-174C7BD17A12}"
EndProject
Project("{FAE04EC0-301F-11D3-BF4B-00C04F79EFBC}") = "Creatures", "Scripts\Creatures\Creatures.csproj", "{58EA49C8-4C60-4561-AD02-52280C9464BE}"
EndProject
Global
	GlobalSection(SolutionConfigurationPlatforms) = preSolution
		Debug|Any CPU = Debug|Any CPU
		Release|Any CPU = Release|Any CPU
	EndGlobalSection
	GlobalSection(ProjectConfigurationPlatforms) = postSolution
		{97DE59C8-1DA9-43B7-A07F-F9FDB8678258}.Debug|Any CPU.ActiveCfg = Debug|Any CPU
		{97DE59C8-1DA9-43B7-A07F-F9FDB8678258}.Debug|Any CPU.Build.0 = Debug|Any CPU
		{97DE59C8-1DA9-43B7-A07F-F9FDB8678258}.Release|Any CPU.ActiveCfg = Release|Any CPU
		{97DE59C8-1DA9-43B7-A07F-F9FDB8678258}.Release|Any CPU.Build.0 = Release|Any CPU
		{D359AA6A-CB6B-418F-819E-F43A2E938089}.Debug|Any CPU.ActiveCfg = Debug|Any CPU
		{D359AA6A-CB6B-418F-819E-F43A2E938089}.Debug|Any CPU.Build.0 = Debug|Any CPU
		{D359AA6A-CB6B-418F-819E-F43A2E938089}.Release|Any CPU.ActiveCfg = Release|Any CPU
		{D359AA6A-CB6B-418F-819E-F43A2E938089}.Release|Any CPU.Build.0 = Release|Any CPU
		{10A85C52-A868-47FE-8654-8F460533085F}.Debug|Any CPU.ActiveCfg = Debug|Any CPU
		{10A85C52-A868-47FE-8654-8F460533085F}.Debug|Any CPU.Build.0 = Debug|Any CPU
		{10A85C52-A868-47FE-8654-8F460533085F}.Release|Any CPU.ActiveCfg = Release|Any CPU
		{10A85C52-A868-47FE-8654-8F460533085F}.Release|Any CPU.Build.0 = Release|Any CPU
		{5639D4BF-60FD-4A3E-B065-27296E36F752}.Debug|Any CPU.ActiveCfg = Debug|Any CPU
		{5639D4BF-60FD-4A3E-B065-27296E36F752}.Debug|Any CPU.Build.0 = Debug|Any CPU
		{5639D4BF-60FD-4A3E-B065-27296E36F752}.Release|Any CPU.ActiveCfg = Release|Any CPU
		{5639D4BF-60FD-4A3E-B065-27296E36F752}.Release|Any CPU.Build.0 = Release|Any CPU
		{55909C57-9EF4-4CEC-BCE5-6A6C7EDC3BF4}.Debug|Any CPU.ActiveCfg = Debug|Any CPU
		{55909C57-9EF4-4CEC-BCE5-6A6C7EDC3BF4}.Debug|Any CPU.Build.0 = Debug|Any CPU
		{55909C57-9EF4-4CEC-BCE5-6A6C7EDC3BF4}.Release|Any CPU.ActiveCfg = Release|Any CPU
		{55909C57-9EF4-4CEC-BCE5-6A6C7EDC3BF4}.Release|Any CPU.Build.0 = Release|Any CPU
		{47931181-3392-4787-9A03-FCE3978F22F9}.Debug|Any CPU.ActiveCfg = Debug|Any CPU
		{47931181-3392-4787-9A03-FCE3978F22F9}.Debug|Any CPU.Build.0 = Debug|Any CPU
		{47931181-3392-4787-9A03-FCE3978F22F9}.Release|Any CPU.ActiveCfg = Release|Any CPU
		{47931181-3392-4787-9A03-FCE3978F22F9}.Release|Any CPU.Build.0 = Release|Any CPU
		{CA673047-D753-44CF-8091-69372933753E}.Debug|Any CPU.ActiveCfg = Debug|Any CPU
		{CA673047-D753-44CF-8091-69372933753E}.Debug|Any CPU.Build.0 = Debug|Any CPU
		{CA673047-D753-44CF-8091-69372933753E}.Release|Any CPU.ActiveCfg = Release|Any CPU
		{CA673047-D753-44CF-8091-69372933753E}.Release|Any CPU.Build.0 = Release|Any CPU
		{610C5DF5-FB85-4753-84F0-EC91FFF3A32F}.Debug|Any CPU.ActiveCfg = Debug|Any CPU
		{610C5DF5-FB85-4753-84F0-EC91FFF3A32F}.Debug|Any CPU.Build.0 = Debug|Any CPU
		{610C5DF5-FB85-4753-84F0-EC91FFF3A32F}.Release|Any CPU.ActiveCfg = Release|Any CPU
		{610C5DF5-FB85-4753-84F0-EC91FFF3A32F}.Release|Any CPU.Build.0 = Release|Any CPU
		{41130CA0-EF53-43E5-B709-B8217FD44588}.Debug|Any CPU.ActiveCfg = Debug|Any CPU
		{41130CA0-EF53-43E5-B709-B8217FD44588}.Debug|Any CPU.Build.0 = Debug|Any CPU
		{41130CA0-EF53-43E5-B709-B8217FD44588}.Release|Any CPU.ActiveCfg = Release|Any CPU
		{41130CA0-EF53-43E5-B709-B8217FD44588}.Release|Any CPU.Build.0 = Release|Any CPU
		{B0CCC71B-7CCA-4BFD-BF8D-174C7BD17A12}.Debug|Any CPU.ActiveCfg = Debug|Any CPU
		{B0CCC71B-7CCA-4BFD-BF8D-174C7BD17A12}.Debug|Any CPU.Build.0 = Debug|Any CPU
		{B0CCC71B-7CCA-4BFD-BF8D-174C7BD17A12}.Release|Any CPU.ActiveCfg = Release|Any CPU
		{B0CCC71B-7CCA-4BFD-BF8D-174C7BD17A12}.Release|Any CPU.Build.0 = Release|Any CPU
		{58EA49C8-4C60-4561-AD02-52280C9464BE}.Debug|Any CPU.ActiveCfg = Debug|Any CPU
		{58EA49C8-4C60-4561-AD02-52280C9464BE}.Debug|Any CPU.Build.0 = Debug|Any CPU
		{58EA49C8-4C60-4561-AD02-52280C9464BE}.Release|Any CPU.ActiveCfg = Release|Any CPU
		{58EA49C8-4C60-4561-AD02-52280C9464BE}.Release|Any CPU.Build.0 = Release|Any CPU
	EndGlobalSection
	GlobalSection(SolutionProperties) = preSolution
		HideSolutionNode = FALSE
	EndGlobalSection
	GlobalSection(NestedProjects) = preSolution
		{D359AA6A-CB6B-418F-819E-F43A2E938089} = {8E7B6D03-4EC4-47EB-ADBA-66DD9058D239}
		{10A85C52-A868-47FE-8654-8F460533085F} = {8E7B6D03-4EC4-47EB-ADBA-66DD9058D239}
		{5639D4BF-60FD-4A3E-B065-27296E36F752} = {8E7B6D03-4EC4-47EB-ADBA-66DD9058D239}
		{55909C57-9EF4-4CEC-BCE5-6A6C7EDC3BF4} = {8E7B6D03-4EC4-47EB-ADBA-66DD9058D239}
		{47931181-3392-4787-9A03-FCE3978F22F9} = {8E7B6D03-4EC4-47EB-ADBA-66DD9058D239}
		{CA673047-D753-44CF-8091-69372933753E} = {8E7B6D03-4EC4-47EB-ADBA-66DD9058D239}
		{610C5DF5-FB85-4753-84F0-EC91FFF3A32F} = {8E7B6D03-4EC4-47EB-ADBA-66DD9058D239}
		{41130CA0-EF53-43E5-B709-B8217FD44588} = {8E7B6D03-4EC4-47EB-ADBA-66DD9058D239}
		{B0CCC71B-7CCA-4BFD-BF8D-174C7BD17A12} = {8E7B6D03-4EC4-47EB-ADBA-66DD9058D239}
		{58EA49C8-4C60-4561-AD02-52280C9464BE} = {8E7B6D03-4EC4-47EB-ADBA-66DD9058D239}
	EndGlobalSection
EndGlobal
